
Microsoft Visual Studio Solution File, Format Version 12.00
# Visual Studio 2012
Project("{F184B08F-C81C-45F6-A57F-5ABD9991F28F}") = "IneractionCurve", "ConsoleApplication1\IneractionCurve.vbproj", "{BB9B1C8F-8EC0-40F6-8A1C-DCB3EFF97881}"
EndProject
Global
	GlobalSection(SolutionConfigurationPlatforms) = preSolution
		Debug|Any CPU = Debug|Any CPU
		Release|Any CPU = Release|Any CPU
	EndGlobalSection
	GlobalSection(ProjectConfigurationPlatforms) = postSolution
		{BB9B1C8F-8EC0-40F6-8A1C-DCB3EFF97881}.Debug|Any CPU.ActiveCfg = Debug|Any CPU
		{BB9B1C8F-8EC0-40F6-8A1C-DCB3EFF97881}.Debug|Any CPU.Build.0 = Debug|Any CPU
		{BB9B1C8F-8EC0-40F6-8A1C-DCB3EFF97881}.Release|Any CPU.ActiveCfg = Release|Any CPU
		{BB9B1C8F-8EC0-40F6-8A1C-DCB3EFF97881}.Release|Any CPU.Build.0 = Release|Any CPU
	EndGlobalSection
	GlobalSection(SolutionProperties) = preSolution
		HideSolutionNode = FALSE
	EndGlobalSection
EndGlobal
